
Microsoft Visual Studio Solution File, Format Version 12.00
# Visual Studio Version 17
VisualStudioVersion = 17.4.33213.308
MinimumVisualStudioVersion = 10.0.40219.1
Project("{9A19103F-16F7-4668-BE54-9A1E7A4F7556}") = "Application", "Application\Application.csproj", "{8E7BF12E-A60A-48D6-A4A3-D7A67C048EE9}"
EndProject
Project("{9A19103F-16F7-4668-BE54-9A1E7A4F7556}") = "WebApi", "WebApi\WebApi.csproj", "{91220A6A-2F48-4B2D-AC7E-630DDD09A903}"
EndProject
Project("{9A19103F-16F7-4668-BE54-9A1E7A4F7556}") = "Domain", "Domain\Domain.csproj", "{4DA396F5-ED95-4786-AD65-EFCAC48B6246}"
EndProject
Project("{9A19103F-16F7-4668-BE54-9A1E7A4F7556}") = "Infrastructure", "Infrastructure\Infrastructure.csproj", "{9668CA38-6BA9-475B-B762-DF6D4A7D3BAF}"
EndProject
Global
	GlobalSection(SolutionConfigurationPlatforms) = preSolution
		Debug|Any CPU = Debug|Any CPU
		Release|Any CPU = Release|Any CPU
	EndGlobalSection
	GlobalSection(ProjectConfigurationPlatforms) = postSolution
		{8E7BF12E-A60A-48D6-A4A3-D7A67C048EE9}.Debug|Any CPU.ActiveCfg = Debug|Any CPU
		{8E7BF12E-A60A-48D6-A4A3-D7A67C048EE9}.Debug|Any CPU.Build.0 = Debug|Any CPU
		{8E7BF12E-A60A-48D6-A4A3-D7A67C048EE9}.Release|Any CPU.ActiveCfg = Release|Any CPU
		{8E7BF12E-A60A-48D6-A4A3-D7A67C048EE9}.Release|Any CPU.Build.0 = Release|Any CPU
		{91220A6A-2F48-4B2D-AC7E-630DDD09A903}.Debug|Any CPU.ActiveCfg = Debug|Any CPU
		{91220A6A-2F48-4B2D-AC7E-630DDD09A903}.Debug|Any CPU.Build.0 = Debug|Any CPU
		{91220A6A-2F48-4B2D-AC7E-630DDD09A903}.Release|Any CPU.ActiveCfg = Release|Any CPU
		{91220A6A-2F48-4B2D-AC7E-630DDD09A903}.Release|Any CPU.Build.0 = Release|Any CPU
		{4DA396F5-ED95-4786-AD65-EFCAC48B6246}.Debug|Any CPU.ActiveCfg = Debug|Any CPU
		{4DA396F5-ED95-4786-AD65-EFCAC48B6246}.Debug|Any CPU.Build.0 = Debug|Any CPU
		{4DA396F5-ED95-4786-AD65-EFCAC48B6246}.Release|Any CPU.ActiveCfg = Release|Any CPU
		{4DA396F5-ED95-4786-AD65-EFCAC48B6246}.Release|Any CPU.Build.0 = Release|Any CPU
		{9668CA38-6BA9-475B-B762-DF6D4A7D3BAF}.Debug|Any CPU.ActiveCfg = Debug|Any CPU
		{9668CA38-6BA9-475B-B762-DF6D4A7D3BAF}.Debug|Any CPU.Build.0 = Debug|Any CPU
		{9668CA38-6BA9-475B-B762-DF6D4A7D3BAF}.Release|Any CPU.ActiveCfg = Release|Any CPU
		{9668CA38-6BA9-475B-B762-DF6D4A7D3BAF}.Release|Any CPU.Build.0 = Release|Any CPU
	EndGlobalSection
	GlobalSection(SolutionProperties) = preSolution
		HideSolutionNode = FALSE
	EndGlobalSection
	GlobalSection(ExtensibilityGlobals) = postSolution
		SolutionGuid = {5F8F4DFA-2657-4A9C-8C6A-49A5D6742F8A}
	EndGlobalSection
EndGlobal
