
Microsoft Visual Studio Solution File, Format Version 12.00
# Visual Studio Version 17
VisualStudioVersion = 17.4.33213.308
MinimumVisualStudioVersion = 10.0.40219.1
Project("{FAE04EC0-301F-11D3-BF4B-00C04F79EFBC}") = "TemplateAPIArchitectureHexagonal", "TemplateAPIArchitectureHexagonal\TemplateAPIArchitectureHexagonal.csproj", "{C6FD4445-28F7-4D81-8108-E523D6EEACBA}"
EndProject
Global
	GlobalSection(SolutionConfigurationPlatforms) = preSolution
		Debug|Any CPU = Debug|Any CPU
		Release|Any CPU = Release|Any CPU
	EndGlobalSection
	GlobalSection(ProjectConfigurationPlatforms) = postSolution
		{C6FD4445-28F7-4D81-8108-E523D6EEACBA}.Debug|Any CPU.ActiveCfg = Debug|Any CPU
		{C6FD4445-28F7-4D81-8108-E523D6EEACBA}.Debug|Any CPU.Build.0 = Debug|Any CPU
		{C6FD4445-28F7-4D81-8108-E523D6EEACBA}.Release|Any CPU.ActiveCfg = Release|Any CPU
		{C6FD4445-28F7-4D81-8108-E523D6EEACBA}.Release|Any CPU.Build.0 = Release|Any CPU
	EndGlobalSection
	GlobalSection(SolutionProperties) = preSolution
		HideSolutionNode = FALSE
	EndGlobalSection
	GlobalSection(ExtensibilityGlobals) = postSolution
		SolutionGuid = {5F8F4DFA-2657-4A9C-8C6A-49A5D6742F8A}
	EndGlobalSection
EndGlobal
